
Microsoft Visual Studio Solution File, Format Version 12.00
# Visual Studio Version 16
VisualStudioVersion = 16.0.29403.142
MinimumVisualStudioVersion = 10.0.40219.1
Project("{9A19103F-16F7-4668-BE54-9A1E7A4F7556}") = "Cogs.Components", "Cogs.Components\Cogs.Components.csproj", "{95880004-DF5B-404B-BB32-08D4ABE2DA2F}"
EndProject
Project("{9A19103F-16F7-4668-BE54-9A1E7A4F7556}") = "Cogs.Disposal", "Cogs.Disposal\Cogs.Disposal.csproj", "{269E0674-CFB3-43F5-A59F-8E776392855A}"
EndProject
Project("{9A19103F-16F7-4668-BE54-9A1E7A4F7556}") = "Cogs.Reflection", "Cogs.Reflection\Cogs.Reflection.csproj", "{3C84BDB0-5999-493E-B1C6-87A8246AD71F}"
EndProject
Project("{9A19103F-16F7-4668-BE54-9A1E7A4F7556}") = "Cogs.Threading", "Cogs.Threading\Cogs.Threading.csproj", "{5360F8F5-195A-419B-81A8-9757EA95B73E}"
EndProject
Project("{9A19103F-16F7-4668-BE54-9A1E7A4F7556}") = "Cogs.Collections", "Cogs.Collections\Cogs.Collections.csproj", "{DB441965-54DB-46EC-AF03-6C496B0FFBE9}"
EndProject
Project("{9A19103F-16F7-4668-BE54-9A1E7A4F7556}") = "Cogs.Collections.Synchronized", "Cogs.Collections.Synchronized\Cogs.Collections.Synchronized.csproj", "{4DAFDA58-B852-4F0D-AF42-29725735E046}"
EndProject
Global
	GlobalSection(SolutionConfigurationPlatforms) = preSolution
		Debug|Any CPU = Debug|Any CPU
		Release|Any CPU = Release|Any CPU
	EndGlobalSection
	GlobalSection(ProjectConfigurationPlatforms) = postSolution
		{95880004-DF5B-404B-BB32-08D4ABE2DA2F}.Debug|Any CPU.ActiveCfg = Debug|Any CPU
		{95880004-DF5B-404B-BB32-08D4ABE2DA2F}.Debug|Any CPU.Build.0 = Debug|Any CPU
		{95880004-DF5B-404B-BB32-08D4ABE2DA2F}.Release|Any CPU.ActiveCfg = Release|Any CPU
		{95880004-DF5B-404B-BB32-08D4ABE2DA2F}.Release|Any CPU.Build.0 = Release|Any CPU
		{269E0674-CFB3-43F5-A59F-8E776392855A}.Debug|Any CPU.ActiveCfg = Debug|Any CPU
		{269E0674-CFB3-43F5-A59F-8E776392855A}.Debug|Any CPU.Build.0 = Debug|Any CPU
		{269E0674-CFB3-43F5-A59F-8E776392855A}.Release|Any CPU.ActiveCfg = Release|Any CPU
		{269E0674-CFB3-43F5-A59F-8E776392855A}.Release|Any CPU.Build.0 = Release|Any CPU
		{3C84BDB0-5999-493E-B1C6-87A8246AD71F}.Debug|Any CPU.ActiveCfg = Debug|Any CPU
		{3C84BDB0-5999-493E-B1C6-87A8246AD71F}.Debug|Any CPU.Build.0 = Debug|Any CPU
		{3C84BDB0-5999-493E-B1C6-87A8246AD71F}.Release|Any CPU.ActiveCfg = Release|Any CPU
		{3C84BDB0-5999-493E-B1C6-87A8246AD71F}.Release|Any CPU.Build.0 = Release|Any CPU
		{5360F8F5-195A-419B-81A8-9757EA95B73E}.Debug|Any CPU.ActiveCfg = Debug|Any CPU
		{5360F8F5-195A-419B-81A8-9757EA95B73E}.Debug|Any CPU.Build.0 = Debug|Any CPU
		{5360F8F5-195A-419B-81A8-9757EA95B73E}.Release|Any CPU.ActiveCfg = Release|Any CPU
		{5360F8F5-195A-419B-81A8-9757EA95B73E}.Release|Any CPU.Build.0 = Release|Any CPU
		{DB441965-54DB-46EC-AF03-6C496B0FFBE9}.Debug|Any CPU.ActiveCfg = Debug|Any CPU
		{DB441965-54DB-46EC-AF03-6C496B0FFBE9}.Debug|Any CPU.Build.0 = Debug|Any CPU
		{DB441965-54DB-46EC-AF03-6C496B0FFBE9}.Release|Any CPU.ActiveCfg = Release|Any CPU
		{DB441965-54DB-46EC-AF03-6C496B0FFBE9}.Release|Any CPU.Build.0 = Release|Any CPU
		{4DAFDA58-B852-4F0D-AF42-29725735E046}.Debug|Any CPU.ActiveCfg = Debug|Any CPU
		{4DAFDA58-B852-4F0D-AF42-29725735E046}.Debug|Any CPU.Build.0 = Debug|Any CPU
		{4DAFDA58-B852-4F0D-AF42-29725735E046}.Release|Any CPU.ActiveCfg = Release|Any CPU
		{4DAFDA58-B852-4F0D-AF42-29725735E046}.Release|Any CPU.Build.0 = Release|Any CPU
	EndGlobalSection
	GlobalSection(SolutionProperties) = preSolution
		HideSolutionNode = FALSE
	EndGlobalSection
	GlobalSection(ExtensibilityGlobals) = postSolution
		SolutionGuid = {4FF808AE-A22A-4F32-B87C-011957FEBB0C}
	EndGlobalSection
EndGlobal
